
Microsoft Visual Studio Solution File, Format Version 12.00
# Visual Studio Version 16
VisualStudioVersion = 16.0.30907.101
MinimumVisualStudioVersion = 10.0.40219.1
Project("{9A19103F-16F7-4668-BE54-9A1E7A4F7556}") = "MultiTranslator.AzureBot", "MultiTranslator.AzureBot\MultiTranslator.AzureBot.csproj", "{106687BE-B705-4393-99E1-31CF65366DDF}"
EndProject
Project("{9A19103F-16F7-4668-BE54-9A1E7A4F7556}") = "MultiTranslator.IntegrationTests", "MultiTranslator.IntegrationTests\MultiTranslator.IntegrationTests.csproj", "{7CFF04B9-35C9-4BE0-9349-5347FDAD9A49}"
EndProject
Project("{9A19103F-16F7-4668-BE54-9A1E7A4F7556}") = "MultiTranslator.UnitTests", "MultiTranslator.UnitTests\MultiTranslator.UnitTests.csproj", "{BFBE3673-6686-4CE4-B828-7492D08B1343}"
EndProject
Project("{2150E333-8FDC-42A3-9474-1A3956D46DE8}") = "scripts", "scripts", "{2941F66F-FD44-4B50-978B-FC90F1193EE5}"
	ProjectSection(SolutionItems) = preProject
		scripts\deploy.sh = scripts\deploy.sh
	EndProjectSection
EndProject
Project("{2150E333-8FDC-42A3-9474-1A3956D46DE8}") = "Solution Items", "Solution Items", "{6E09ED2F-96D7-44D1-8E64-0A57288F1AAA}"
	ProjectSection(SolutionItems) = preProject
		README.md = README.md
	EndProjectSection
EndProject
Global
	GlobalSection(SolutionConfigurationPlatforms) = preSolution
		Debug|Any CPU = Debug|Any CPU
		Release|Any CPU = Release|Any CPU
	EndGlobalSection
	GlobalSection(ProjectConfigurationPlatforms) = postSolution
		{106687BE-B705-4393-99E1-31CF65366DDF}.Debug|Any CPU.ActiveCfg = Debug|Any CPU
		{106687BE-B705-4393-99E1-31CF65366DDF}.Debug|Any CPU.Build.0 = Debug|Any CPU
		{106687BE-B705-4393-99E1-31CF65366DDF}.Release|Any CPU.ActiveCfg = Release|Any CPU
		{106687BE-B705-4393-99E1-31CF65366DDF}.Release|Any CPU.Build.0 = Release|Any CPU
		{7CFF04B9-35C9-4BE0-9349-5347FDAD9A49}.Debug|Any CPU.ActiveCfg = Debug|Any CPU
		{7CFF04B9-35C9-4BE0-9349-5347FDAD9A49}.Debug|Any CPU.Build.0 = Debug|Any CPU
		{7CFF04B9-35C9-4BE0-9349-5347FDAD9A49}.Release|Any CPU.ActiveCfg = Release|Any CPU
		{7CFF04B9-35C9-4BE0-9349-5347FDAD9A49}.Release|Any CPU.Build.0 = Release|Any CPU
		{BFBE3673-6686-4CE4-B828-7492D08B1343}.Debug|Any CPU.ActiveCfg = Debug|Any CPU
		{BFBE3673-6686-4CE4-B828-7492D08B1343}.Debug|Any CPU.Build.0 = Debug|Any CPU
		{BFBE3673-6686-4CE4-B828-7492D08B1343}.Release|Any CPU.ActiveCfg = Release|Any CPU
		{BFBE3673-6686-4CE4-B828-7492D08B1343}.Release|Any CPU.Build.0 = Release|Any CPU
	EndGlobalSection
	GlobalSection(SolutionProperties) = preSolution
		HideSolutionNode = FALSE
	EndGlobalSection
	GlobalSection(ExtensibilityGlobals) = postSolution
		SolutionGuid = {FC0DBBCC-89D2-44CC-B217-3FCF542EE01D}
	EndGlobalSection
EndGlobal
